{
  "lockfileVersion": 1,
  "configVersion": 1,
  "workspaces": {
    "": {
      "dependencies": {
        "arctic": "^3.7.0",
        "dev": "^0.1.3",
        "esbuild": "^0.27.4",
        "node-dev": "^8.0.0",
        "postgres": "^3.4.8",
      },
      "devDependencies": {
        "@types/bun": "^1.3.8",
        "vite": "^8.0.1",
      },
    },
  },
  "packages": {
    "@emnapi/core": ["@emnapi/core@1.9.0", "", { "dependencies": { "@emnapi/wasi-threads": "1.2.0", "tslib": "^2.4.0" } }, "sha512-0DQ98G9ZQZOxfUcQn1waV2yS8aWdZ6kJMbYCJB3oUBecjWYO1fqJ+a1DRfPF3O5JEkwqwP1A9QEN/9mYm2Yd0w=="],

    "@emnapi/runtime": ["@emnapi/runtime@1.9.0", "", { "dependencies": { "tslib": "^2.4.0" } }, "sha512-QN75eB0IH2ywSpRpNddCRfQIhmJYBCJ1x5Lb3IscKAL8bMnVAKnRg8dCoXbHzVLLH7P38N2Z3mtulB7W0J0FKw=="],

    "@emnapi/wasi-threads": ["@emnapi/wasi-threads@1.2.0", "", { "dependencies": { "tslib": "^2.4.0" } }, "sha512-N10dEJNSsUx41Z6pZsXU8FjPjpBEplgH24sfkmITrBED1/U2Esum9F3lfLrMjKHHjmi557zQn7kR9R+XWXu5Rg=="],

    "@esbuild/aix-ppc64": ["@esbuild/aix-ppc64@0.27.4", "", { "os": "aix", "cpu": "ppc64" }, "sha512-cQPwL2mp2nSmHHJlCyoXgHGhbEPMrEEU5xhkcy3Hs/O7nGZqEpZ2sUtLaL9MORLtDfRvVl2/3PAuEkYZH0Ty8Q=="],

    "@esbuild/android-arm": ["@esbuild/android-arm@0.27.4", "", { "os": "android", "cpu": "arm" }, "sha512-X9bUgvxiC8CHAGKYufLIHGXPJWnr0OCdR0anD2e21vdvgCI8lIfqFbnoeOz7lBjdrAGUhqLZLcQo6MLhTO2DKQ=="],

    "@esbuild/android-arm64": ["@esbuild/android-arm64@0.27.4", "", { "os": "android", "cpu": "arm64" }, "sha512-gdLscB7v75wRfu7QSm/zg6Rx29VLdy9eTr2t44sfTW7CxwAtQghZ4ZnqHk3/ogz7xao0QAgrkradbBzcqFPasw=="],

    "@esbuild/android-x64": ["@esbuild/android-x64@0.27.4", "", { "os": "android", "cpu": "x64" }, "sha512-PzPFnBNVF292sfpfhiyiXCGSn9HZg5BcAz+ivBuSsl6Rk4ga1oEXAamhOXRFyMcjwr2DVtm40G65N3GLeH1Lvw=="],

    "@esbuild/darwin-arm64": ["@esbuild/darwin-arm64@0.27.4", "", { "os": "darwin", "cpu": "arm64" }, "sha512-b7xaGIwdJlht8ZFCvMkpDN6uiSmnxxK56N2GDTMYPr2/gzvfdQN8rTfBsvVKmIVY/X7EM+/hJKEIbbHs9oA4tQ=="],

    "@esbuild/darwin-x64": ["@esbuild/darwin-x64@0.27.4", "", { "os": "darwin", "cpu": "x64" }, "sha512-sR+OiKLwd15nmCdqpXMnuJ9W2kpy0KigzqScqHI3Hqwr7IXxBp3Yva+yJwoqh7rE8V77tdoheRYataNKL4QrPw=="],

    "@esbuild/freebsd-arm64": ["@esbuild/freebsd-arm64@0.27.4", "", { "os": "freebsd", "cpu": "arm64" }, "sha512-jnfpKe+p79tCnm4GVav68A7tUFeKQwQyLgESwEAUzyxk/TJr4QdGog9sqWNcUbr/bZt/O/HXouspuQDd9JxFSw=="],

    "@esbuild/freebsd-x64": ["@esbuild/freebsd-x64@0.27.4", "", { "os": "freebsd", "cpu": "x64" }, "sha512-2kb4ceA/CpfUrIcTUl1wrP/9ad9Atrp5J94Lq69w7UwOMolPIGrfLSvAKJp0RTvkPPyn6CIWrNy13kyLikZRZQ=="],

    "@esbuild/linux-arm": ["@esbuild/linux-arm@0.27.4", "", { "os": "linux", "cpu": "arm" }, "sha512-aBYgcIxX/wd5n2ys0yESGeYMGF+pv6g0DhZr3G1ZG4jMfruU9Tl1i2Z+Wnj9/KjGz1lTLCcorqE2viePZqj4Eg=="],

    "@esbuild/linux-arm64": ["@esbuild/linux-arm64@0.27.4", "", { "os": "linux", "cpu": "arm64" }, "sha512-7nQOttdzVGth1iz57kxg9uCz57dxQLHWxopL6mYuYthohPKEK0vU0C3O21CcBK6KDlkYVcnDXY099HcCDXd9dA=="],

    "@esbuild/linux-ia32": ["@esbuild/linux-ia32@0.27.4", "", { "os": "linux", "cpu": "ia32" }, "sha512-oPtixtAIzgvzYcKBQM/qZ3R+9TEUd1aNJQu0HhGyqtx6oS7qTpvjheIWBbes4+qu1bNlo2V4cbkISr8q6gRBFA=="],

    "@esbuild/linux-loong64": ["@esbuild/linux-loong64@0.27.4", "", { "os": "linux", "cpu": "none" }, "sha512-8mL/vh8qeCoRcFH2nM8wm5uJP+ZcVYGGayMavi8GmRJjuI3g1v6Z7Ni0JJKAJW+m0EtUuARb6Lmp4hMjzCBWzA=="],

    "@esbuild/linux-mips64el": ["@esbuild/linux-mips64el@0.27.4", "", { "os": "linux", "cpu": "none" }, "sha512-1RdrWFFiiLIW7LQq9Q2NES+HiD4NyT8Itj9AUeCl0IVCA459WnPhREKgwrpaIfTOe+/2rdntisegiPWn/r/aAw=="],

    "@esbuild/linux-ppc64": ["@esbuild/linux-ppc64@0.27.4", "", { "os": "linux", "cpu": "ppc64" }, "sha512-tLCwNG47l3sd9lpfyx9LAGEGItCUeRCWeAx6x2Jmbav65nAwoPXfewtAdtbtit/pJFLUWOhpv0FpS6GQAmPrHA=="],

    "@esbuild/linux-riscv64": ["@esbuild/linux-riscv64@0.27.4", "", { "os": "linux", "cpu": "none" }, "sha512-BnASypppbUWyqjd1KIpU4AUBiIhVr6YlHx/cnPgqEkNoVOhHg+YiSVxM1RLfiy4t9cAulbRGTNCKOcqHrEQLIw=="],

    "@esbuild/linux-s390x": ["@esbuild/linux-s390x@0.27.4", "", { "os": "linux", "cpu": "s390x" }, "sha512-+eUqgb/Z7vxVLezG8bVB9SfBie89gMueS+I0xYh2tJdw3vqA/0ImZJ2ROeWwVJN59ihBeZ7Tu92dF/5dy5FttA=="],

    "@esbuild/linux-x64": ["@esbuild/linux-x64@0.27.4", "", { "os": "linux", "cpu": "x64" }, "sha512-S5qOXrKV8BQEzJPVxAwnryi2+Iq5pB40gTEIT69BQONqR7JH1EPIcQ/Uiv9mCnn05jff9umq/5nqzxlqTOg9NA=="],

    "@esbuild/netbsd-arm64": ["@esbuild/netbsd-arm64@0.27.4", "", { "os": "none", "cpu": "arm64" }, "sha512-xHT8X4sb0GS8qTqiwzHqpY00C95DPAq7nAwX35Ie/s+LO9830hrMd3oX0ZMKLvy7vsonee73x0lmcdOVXFzd6Q=="],

    "@esbuild/netbsd-x64": ["@esbuild/netbsd-x64@0.27.4", "", { "os": "none", "cpu": "x64" }, "sha512-RugOvOdXfdyi5Tyv40kgQnI0byv66BFgAqjdgtAKqHoZTbTF2QqfQrFwa7cHEORJf6X2ht+l9ABLMP0dnKYsgg=="],

    "@esbuild/openbsd-arm64": ["@esbuild/openbsd-arm64@0.27.4", "", { "os": "openbsd", "cpu": "arm64" }, "sha512-2MyL3IAaTX+1/qP0O1SwskwcwCoOI4kV2IBX1xYnDDqthmq5ArrW94qSIKCAuRraMgPOmG0RDTA74mzYNQA9ow=="],

    "@esbuild/openbsd-x64": ["@esbuild/openbsd-x64@0.27.4", "", { "os": "openbsd", "cpu": "x64" }, "sha512-u8fg/jQ5aQDfsnIV6+KwLOf1CmJnfu1ShpwqdwC0uA7ZPwFws55Ngc12vBdeUdnuWoQYx/SOQLGDcdlfXhYmXQ=="],

    "@esbuild/openharmony-arm64": ["@esbuild/openharmony-arm64@0.27.4", "", { "os": "none", "cpu": "arm64" }, "sha512-JkTZrl6VbyO8lDQO3yv26nNr2RM2yZzNrNHEsj9bm6dOwwu9OYN28CjzZkH57bh4w0I2F7IodpQvUAEd1mbWXg=="],

    "@esbuild/sunos-x64": ["@esbuild/sunos-x64@0.27.4", "", { "os": "sunos", "cpu": "x64" }, "sha512-/gOzgaewZJfeJTlsWhvUEmUG4tWEY2Spp5M20INYRg2ZKl9QPO3QEEgPeRtLjEWSW8FilRNacPOg8R1uaYkA6g=="],

    "@esbuild/win32-arm64": ["@esbuild/win32-arm64@0.27.4", "", { "os": "win32", "cpu": "arm64" }, "sha512-Z9SExBg2y32smoDQdf1HRwHRt6vAHLXcxD2uGgO/v2jK7Y718Ix4ndsbNMU/+1Qiem9OiOdaqitioZwxivhXYg=="],

    "@esbuild/win32-ia32": ["@esbuild/win32-ia32@0.27.4", "", { "os": "win32", "cpu": "ia32" }, "sha512-DAyGLS0Jz5G5iixEbMHi5KdiApqHBWMGzTtMiJ72ZOLhbu/bzxgAe8Ue8CTS3n3HbIUHQz/L51yMdGMeoxXNJw=="],

    "@esbuild/win32-x64": ["@esbuild/win32-x64@0.27.4", "", { "os": "win32", "cpu": "x64" }, "sha512-+knoa0BDoeXgkNvvV1vvbZX4+hizelrkwmGJBdT17t8FNPwG2lKemmuMZlmaNQ3ws3DKKCxpb4zRZEIp3UxFCg=="],

    "@napi-rs/wasm-runtime": ["@napi-rs/wasm-runtime@1.1.1", "", { "dependencies": { "@emnapi/core": "^1.7.1", "@emnapi/runtime": "^1.7.1", "@tybys/wasm-util": "^0.10.1" } }, "sha512-p64ah1M1ld8xjWv3qbvFwHiFVWrq1yFvV4f7w+mzaqiR4IlSgkqhcRdHwsGgomwzBH51sRY4NEowLxnaBjcW/A=="],

    "@oslojs/asn1": ["@oslojs/asn1@1.0.0", "", { "dependencies": { "@oslojs/binary": "1.0.0" } }, "sha512-zw/wn0sj0j0QKbIXfIlnEcTviaCzYOY3V5rAyjR6YtOByFtJiT574+8p9Wlach0lZH9fddD4yb9laEAIl4vXQA=="],

    "@oslojs/binary": ["@oslojs/binary@1.0.0", "", {}, "sha512-9RCU6OwXU6p67H4NODbuxv2S3eenuQ4/WFLrsq+K/k682xrznH5EVWA7N4VFk9VYVcbFtKqur5YQQZc0ySGhsQ=="],

    "@oslojs/crypto": ["@oslojs/crypto@1.0.1", "", { "dependencies": { "@oslojs/asn1": "1.0.0", "@oslojs/binary": "1.0.0" } }, "sha512-7n08G8nWjAr/Yu3vu9zzrd0L9XnrJfpMioQcvCMxBIiF5orECHe5/3J0jmXRVvgfqMm/+4oxlQ+Sq39COYLcNQ=="],

    "@oslojs/encoding": ["@oslojs/encoding@1.1.0", "", {}, "sha512-70wQhgYmndg4GCPxPPxPGevRKqTIJ2Nh4OkiMWmDAVYsTQ+Ta7Sq+rPevXyXGdzr30/qZBnyOalCszoMxlyldQ=="],

    "@oslojs/jwt": ["@oslojs/jwt@0.2.0", "", { "dependencies": { "@oslojs/encoding": "0.4.1" } }, "sha512-bLE7BtHrURedCn4Mco3ma9L4Y1GR2SMBuIvjWr7rmQ4/W/4Jy70TIAgZ+0nIlk0xHz1vNP8x8DCns45Sb2XRbg=="],

    "@oxc-project/types": ["@oxc-project/types@0.120.0", "", {}, "sha512-k1YNu55DuvAip/MGE1FTsIuU3FUCn6v/ujG9V7Nq5Df/kX2CWb13hhwD0lmJGMGqE+bE1MXvv9SZVnMzEXlWcg=="],

    "@rolldown/binding-android-arm64": ["@rolldown/binding-android-arm64@1.0.0-rc.10", "", { "os": "android", "cpu": "arm64" }, "sha512-jOHxwXhxmFKuXztiu1ORieJeTbx5vrTkcOkkkn2d35726+iwhrY1w/+nYY/AGgF12thg33qC3R1LMBF5tHTZHg=="],

    "@rolldown/binding-darwin-arm64": ["@rolldown/binding-darwin-arm64@1.0.0-rc.10", "", { "os": "darwin", "cpu": "arm64" }, "sha512-gED05Teg/vtTZbIJBc4VNMAxAFDUPkuO/rAIyyxZjTj1a1/s6z5TII/5yMGZ0uLRCifEtwUQn8OlYzuYc0m70w=="],

    "@rolldown/binding-darwin-x64": ["@rolldown/binding-darwin-x64@1.0.0-rc.10", "", { "os": "darwin", "cpu": "x64" }, "sha512-rI15NcM1mA48lqrIxVkHfAqcyFLcQwyXWThy+BQ5+mkKKPvSO26ir+ZDp36AgYoYVkqvMcdS8zOE6SeBsR9e8A=="],

    "@rolldown/binding-freebsd-x64": ["@rolldown/binding-freebsd-x64@1.0.0-rc.10", "", { "os": "freebsd", "cpu": "x64" }, "sha512-XZRXHdTa+4ME1MuDVp021+doQ+z6Ei4CCFmNc5/sKbqb8YmkiJdj8QKlV3rCI0AJtAeSB5n0WGPuJWNL9p/L2w=="],

    "@rolldown/binding-linux-arm-gnueabihf": ["@rolldown/binding-linux-arm-gnueabihf@1.0.0-rc.10", "", { "os": "linux", "cpu": "arm" }, "sha512-R0SQMRluISSLzFE20sPWYHVmJdDQnRyc/FzSCN72BqQmh2SOZUFG+N3/vBZpR4C6WpEUVYJLrYUXaj43sJsNLA=="],

    "@rolldown/binding-linux-arm64-gnu": ["@rolldown/binding-linux-arm64-gnu@1.0.0-rc.10", "", { "os": "linux", "cpu": "arm64" }, "sha512-Y1reMrV/o+cwpduYhJuOE3OMKx32RMYCidf14y+HssARRmhDuWXJ4yVguDg2R/8SyyGNo+auzz64LnPK9Hq6jg=="],

    "@rolldown/binding-linux-arm64-musl": ["@rolldown/binding-linux-arm64-musl@1.0.0-rc.10", "", { "os": "linux", "cpu": "arm64" }, "sha512-vELN+HNb2IzuzSBUOD4NHmP9yrGwl1DVM29wlQvx1OLSclL0NgVWnVDKl/8tEks79EFek/kebQKnNJkIAA4W2g=="],

    "@rolldown/binding-linux-ppc64-gnu": ["@rolldown/binding-linux-ppc64-gnu@1.0.0-rc.10", "", { "os": "linux", "cpu": "ppc64" }, "sha512-ZqrufYTgzxbHwpqOjzSsb0UV/aV2TFIY5rP8HdsiPTv/CuAgCRjM6s9cYFwQ4CNH+hf9Y4erHW1GjZuZ7WoI7w=="],

    "@rolldown/binding-linux-s390x-gnu": ["@rolldown/binding-linux-s390x-gnu@1.0.0-rc.10", "", { "os": "linux", "cpu": "s390x" }, "sha512-gSlmVS1FZJSRicA6IyjoRoKAFK7IIHBs7xJuHRSmjImqk3mPPWbR7RhbnfH2G6bcmMEllCt2vQ/7u9e6bBnByg=="],

    "@rolldown/binding-linux-x64-gnu": ["@rolldown/binding-linux-x64-gnu@1.0.0-rc.10", "", { "os": "linux", "cpu": "x64" }, "sha512-eOCKUpluKgfObT2pHjztnaWEIbUabWzk3qPZ5PuacuPmr4+JtQG4k2vGTY0H15edaTnicgU428XW/IH6AimcQw=="],

    "@rolldown/binding-linux-x64-musl": ["@rolldown/binding-linux-x64-musl@1.0.0-rc.10", "", { "os": "linux", "cpu": "x64" }, "sha512-Xdf2jQbfQowJnLcgYfD/m0Uu0Qj5OdxKallD78/IPPfzaiaI4KRAwZzHcKQ4ig1gtg1SuzC7jovNiM2TzQsBXA=="],

    "@rolldown/binding-openharmony-arm64": ["@rolldown/binding-openharmony-arm64@1.0.0-rc.10", "", { "os": "none", "cpu": "arm64" }, "sha512-o1hYe8hLi1EY6jgPFyxQgQ1wcycX+qz8eEbVmot2hFkgUzPxy9+kF0u0NIQBeDq+Mko47AkaFFaChcvZa9UX9Q=="],

    "@rolldown/binding-wasm32-wasi": ["@rolldown/binding-wasm32-wasi@1.0.0-rc.10", "", { "dependencies": { "@napi-rs/wasm-runtime": "^1.1.1" }, "cpu": "none" }, "sha512-Ugv9o7qYJudqQO5Y5y2N2SOo6S4WiqiNOpuQyoPInnhVzCY+wi/GHltcLHypG9DEUYMB0iTB/huJrpadiAcNcA=="],

    "@rolldown/binding-win32-arm64-msvc": ["@rolldown/binding-win32-arm64-msvc@1.0.0-rc.10", "", { "os": "win32", "cpu": "arm64" }, "sha512-7UODQb4fQUNT/vmgDZBl3XOBAIOutP5R3O/rkxg0aLfEGQ4opbCgU5vOw/scPe4xOqBwL9fw7/RP1vAMZ6QlAQ=="],

    "@rolldown/binding-win32-x64-msvc": ["@rolldown/binding-win32-x64-msvc@1.0.0-rc.10", "", { "os": "win32", "cpu": "x64" }, "sha512-PYxKHMVHOb5NJuDL53vBUl1VwUjymDcYI6rzpIni0C9+9mTiJedvUxSk7/RPp7OOAm3v+EjgMu9bIy3N6b408w=="],

    "@rolldown/pluginutils": ["@rolldown/pluginutils@1.0.0-rc.10", "", {}, "sha512-UkVDEFk1w3mveXeKgaTuYfKWtPbvgck1dT8TUG3bnccrH0XtLTuAyfCoks4Q/M5ZGToSVJTIQYCzy2g/atAOeg=="],

    "@tybys/wasm-util": ["@tybys/wasm-util@0.10.1", "", { "dependencies": { "tslib": "^2.4.0" } }, "sha512-9tTaPJLSiejZKx+Bmog4uSubteqTvFrVrURwkmHixBo0G4seD0zUxp98E1DzUBJxLQ3NPwXrGKDiVjwx/DpPsg=="],

    "@types/bun": ["@types/bun@1.3.8", "", { "dependencies": { "bun-types": "1.3.8" } }, "sha512-3LvWJ2q5GerAXYxO2mffLTqOzEu5qnhEAlh48Vnu8WQfnmSwbgagjGZV6BoHKJztENYEDn6QmVd949W4uESRJA=="],

    "@types/node": ["@types/node@25.2.0", "", { "dependencies": { "undici-types": "~7.16.0" } }, "sha512-DZ8VwRFUNzuqJ5khrvwMXHmvPe+zGayJhr2CDNiKB1WBE1ST8Djl00D0IC4vvNmHMdj6DlbYRIaFE7WHjlDl5w=="],

    "arctic": ["arctic@3.7.0", "", { "dependencies": { "@oslojs/crypto": "1.0.1", "@oslojs/encoding": "1.1.0", "@oslojs/jwt": "0.2.0" } }, "sha512-ZMQ+f6VazDgUJOd+qNV+H7GohNSYal1mVjm5kEaZfE2Ifb7Ss70w+Q7xpJC87qZDkMZIXYf0pTIYZA0OPasSbw=="],

    "bindings": ["bindings@1.5.0", "", { "dependencies": { "file-uri-to-path": "1.0.0" } }, "sha512-p2q/t/mhvuOj/UeLlV6566GD/guowlr0hHxClI0W9m7MWYkL1F0hLo+0Aexs9HSPCtR1SXQ0TD3MMKrXZajbiQ=="],

    "bun-types": ["bun-types@1.3.8", "", { "dependencies": { "@types/node": "*" } }, "sha512-fL99nxdOWvV4LqjmC+8Q9kW3M4QTtTR1eePs94v5ctGqU8OeceWrSUaRw3JYb7tU3FkMIAjkueehrHPPPGKi5Q=="],

    "dateformat": ["dateformat@3.0.3", "", {}, "sha512-jyCETtSl3VMZMWeRo7iY1FL19ges1t55hMo5yaam4Jrsm5EPL89UQkoQRyiI+Yf4k8r2ZpdngkV8hr1lIdjb3Q=="],

    "debounce": ["debounce@1.2.1", "", {}, "sha512-XRRe6Glud4rd/ZGQfiV1ruXSfbvfJedlV9Y6zOlP+2K04vBYiJEte6stfFkCP03aMnY5tsipamumUjL14fofug=="],

    "detect-libc": ["detect-libc@2.1.2", "", {}, "sha512-Btj2BOOO83o3WyH59e8MgXsxEQVcarkUOpEYrubB0urwnN10yQ364rsiByU11nZlqWYZm05i/of7io4mzihBtQ=="],

    "dev": ["dev@0.1.3", "", { "dependencies": { "inotify": ">= 0.1.6" }, "bin": { "node-dev": "./node-dev.sh" } }, "sha512-flCHQwAkXk3+1up/wo93Ms9E5Wf9K28ZGA7Oz55nBZ8OTdPPhyvZrwsT+twtySTFHIwv0w9CUNtagZgu1MgzXQ=="],

    "dynamic-dedupe": ["dynamic-dedupe@0.3.0", "", { "dependencies": { "xtend": "^4.0.0" } }, "sha512-ssuANeD+z97meYOqd50e04Ze5qp4bPqo8cCkI4TRjZkzAUgIDTrXV1R8QCdINpiI+hw14+rYazvTRdQrz0/rFQ=="],

    "esbuild": ["esbuild@0.27.4", "", { "optionalDependencies": { "@esbuild/aix-ppc64": "0.27.4", "@esbuild/android-arm": "0.27.4", "@esbuild/android-arm64": "0.27.4", "@esbuild/android-x64": "0.27.4", "@esbuild/darwin-arm64": "0.27.4", "@esbuild/darwin-x64": "0.27.4", "@esbuild/freebsd-arm64": "0.27.4", "@esbuild/freebsd-x64": "0.27.4", "@esbuild/linux-arm": "0.27.4", "@esbuild/linux-arm64": "0.27.4", "@esbuild/linux-ia32": "0.27.4", "@esbuild/linux-loong64": "0.27.4", "@esbuild/linux-mips64el": "0.27.4", "@esbuild/linux-ppc64": "0.27.4", "@esbuild/linux-riscv64": "0.27.4", "@esbuild/linux-s390x": "0.27.4", "@esbuild/linux-x64": "0.27.4", "@esbuild/netbsd-arm64": "0.27.4", "@esbuild/netbsd-x64": "0.27.4", "@esbuild/openbsd-arm64": "0.27.4", "@esbuild/openbsd-x64": "0.27.4", "@esbuild/openharmony-arm64": "0.27.4", "@esbuild/sunos-x64": "0.27.4", "@esbuild/win32-arm64": "0.27.4", "@esbuild/win32-ia32": "0.27.4", "@esbuild/win32-x64": "0.27.4" }, "bin": { "esbuild": "bin/esbuild" } }, "sha512-Rq4vbHnYkK5fws5NF7MYTU68FPRE1ajX7heQ/8QXXWqNgqqJ/GkmmyxIzUnf2Sr/bakf8l54716CcMGHYhMrrQ=="],

    "fdir": ["fdir@6.5.0", "", { "peerDependencies": { "picomatch": "^3 || ^4" }, "optionalPeers": ["picomatch"] }, "sha512-tIbYtZbucOs0BRGqPJkshJUYdL+SDH7dVM8gjy+ERp3WAUjLEFJE+02kanyHtwjWOnwrKYBiwAmM0p4kLJAnXg=="],

    "file-uri-to-path": ["file-uri-to-path@1.0.0", "", {}, "sha512-0Zt+s3L7Vf1biwWZ29aARiVYLx7iMGnEUl9x33fbB/j3jR81u/O2LbqK+Bm1CDSNDKVtJ/YjwY7TUd5SkeLQLw=="],

    "filewatcher": ["filewatcher@3.0.1", "", { "dependencies": { "debounce": "^1.0.0" } }, "sha512-Fro8py2B8EJupSP37Kyd4kjKZLr+5ksFq7Vbw8A392Z15Unq8016SPUDvO/AsDj5V6bbPk98PTAinpc5YhPbJw=="],

    "fsevents": ["fsevents@2.3.3", "", { "os": "darwin" }, "sha512-5xoDfX+fL7faATnagmWPpbFtwh/R77WmMMqqHGS65C3vvB0YHrgF+B1YmZ3441tMj5n63k0212XNoJwzlhffQw=="],

    "function-bind": ["function-bind@1.1.2", "", {}, "sha512-7XHNxH7qX9xG5mIwxkhumTox/MIRNcOgDrxWsMt2pAr23WHp6MrRlN7FBSFpCpr+oVO0F744iUgR82nJMfG2SA=="],

    "get-package-type": ["get-package-type@0.1.0", "", {}, "sha512-pjzuKtY64GYfWizNAJ0fr9VqttZkNiK2iS430LtIHzjBEr6bX8Am2zm4sW4Ro5wjWW5cAlRL1qAMTcXbjNAO2Q=="],

    "growly": ["growly@1.3.0", "", {}, "sha512-+xGQY0YyAWCnqy7Cd++hc2JqMYzlm0dG30Jd0beaA64sROr8C4nt8Yc9V5Ro3avlSUDTN0ulqP/VBKi1/lLygw=="],

    "hasown": ["hasown@2.0.2", "", { "dependencies": { "function-bind": "^1.1.2" } }, "sha512-0hJU9SCPvmMzIBdZFqNPXWa6dqh7WdH0cII9y+CyS8rG3nL48Bclra9HmKhVVUHyPWNH5Y7xDwAB7bfgSjkUMQ=="],

    "inotify": ["inotify@1.4.6", "", { "dependencies": { "bindings": "^1.3.1", "nan": "^2.12.1" }, "os": "linux" }, "sha512-WW8/uqIA04O3AePQVe/Ms3ZLR0yGamaz8YOEpaXc4WBAGOPZfzu58wWErEPSUYaPyDrJRIeCn6PEIQgC1ZyQ5w=="],

    "is-core-module": ["is-core-module@2.16.1", "", { "dependencies": { "hasown": "^2.0.2" } }, "sha512-UfoeMA6fIJ8wTYFEUjelnaGI67v6+N7qXJEvQuIGa99l4xsCruSYOVSQ0uPANn4dAzm8lkYPaKLrrijLq7x23w=="],

    "is-docker": ["is-docker@2.2.1", "", { "bin": { "is-docker": "cli.js" } }, "sha512-F+i2BKsFrH66iaUFc0woD8sLy8getkwTwtOBjvs56Cx4CgJDeKQeqfz8wAYiSb8JOprWhHH5p77PbmYCvvUuXQ=="],

    "is-wsl": ["is-wsl@2.2.0", "", { "dependencies": { "is-docker": "^2.0.0" } }, "sha512-fKzAra0rGJUUBwGBgNkHZuToZcn+TtXHpeCgmkMJMMYx1sQDYaCSyjJBSCa2nH1DGm7s3n1oBnohoVTBaN7Lww=="],

    "isexe": ["isexe@2.0.0", "", {}, "sha512-RHxMLp9lnKHGHRng9QFhRCMbYAcVpn69smSGcq3f36xjgVVWThj4qqLbTLlq7Ssj8B+fIQ1EuCEGI2lKsyQeIw=="],

    "lightningcss": ["lightningcss@1.32.0", "", { "dependencies": { "detect-libc": "^2.0.3" }, "optionalDependencies": { "lightningcss-android-arm64": "1.32.0", "lightningcss-darwin-arm64": "1.32.0", "lightningcss-darwin-x64": "1.32.0", "lightningcss-freebsd-x64": "1.32.0", "lightningcss-linux-arm-gnueabihf": "1.32.0", "lightningcss-linux-arm64-gnu": "1.32.0", "lightningcss-linux-arm64-musl": "1.32.0", "lightningcss-linux-x64-gnu": "1.32.0", "lightningcss-linux-x64-musl": "1.32.0", "lightningcss-win32-arm64-msvc": "1.32.0", "lightningcss-win32-x64-msvc": "1.32.0" } }, "sha512-NXYBzinNrblfraPGyrbPoD19C1h9lfI/1mzgWYvXUTe414Gz/X1FD2XBZSZM7rRTrMA8JL3OtAaGifrIKhQ5yQ=="],

    "lightningcss-android-arm64": ["lightningcss-android-arm64@1.32.0", "", { "os": "android", "cpu": "arm64" }, "sha512-YK7/ClTt4kAK0vo6w3X+Pnm0D2cf2vPHbhOXdoNti1Ga0al1P4TBZhwjATvjNwLEBCnKvjJc2jQgHXH0NEwlAg=="],

    "lightningcss-darwin-arm64": ["lightningcss-darwin-arm64@1.32.0", "", { "os": "darwin", "cpu": "arm64" }, "sha512-RzeG9Ju5bag2Bv1/lwlVJvBE3q6TtXskdZLLCyfg5pt+HLz9BqlICO7LZM7VHNTTn/5PRhHFBSjk5lc4cmscPQ=="],

    "lightningcss-darwin-x64": ["lightningcss-darwin-x64@1.32.0", "", { "os": "darwin", "cpu": "x64" }, "sha512-U+QsBp2m/s2wqpUYT/6wnlagdZbtZdndSmut/NJqlCcMLTWp5muCrID+K5UJ6jqD2BFshejCYXniPDbNh73V8w=="],

    "lightningcss-freebsd-x64": ["lightningcss-freebsd-x64@1.32.0", "", { "os": "freebsd", "cpu": "x64" }, "sha512-JCTigedEksZk3tHTTthnMdVfGf61Fky8Ji2E4YjUTEQX14xiy/lTzXnu1vwiZe3bYe0q+SpsSH/CTeDXK6WHig=="],

    "lightningcss-linux-arm-gnueabihf": ["lightningcss-linux-arm-gnueabihf@1.32.0", "", { "os": "linux", "cpu": "arm" }, "sha512-x6rnnpRa2GL0zQOkt6rts3YDPzduLpWvwAF6EMhXFVZXD4tPrBkEFqzGowzCsIWsPjqSK+tyNEODUBXeeVHSkw=="],

    "lightningcss-linux-arm64-gnu": ["lightningcss-linux-arm64-gnu@1.32.0", "", { "os": "linux", "cpu": "arm64" }, "sha512-0nnMyoyOLRJXfbMOilaSRcLH3Jw5z9HDNGfT/gwCPgaDjnx0i8w7vBzFLFR1f6CMLKF8gVbebmkUN3fa/kQJpQ=="],

    "lightningcss-linux-arm64-musl": ["lightningcss-linux-arm64-musl@1.32.0", "", { "os": "linux", "cpu": "arm64" }, "sha512-UpQkoenr4UJEzgVIYpI80lDFvRmPVg6oqboNHfoH4CQIfNA+HOrZ7Mo7KZP02dC6LjghPQJeBsvXhJod/wnIBg=="],

    "lightningcss-linux-x64-gnu": ["lightningcss-linux-x64-gnu@1.32.0", "", { "os": "linux", "cpu": "x64" }, "sha512-V7Qr52IhZmdKPVr+Vtw8o+WLsQJYCTd8loIfpDaMRWGUZfBOYEJeyJIkqGIDMZPwPx24pUMfwSxxI8phr/MbOA=="],

    "lightningcss-linux-x64-musl": ["lightningcss-linux-x64-musl@1.32.0", "", { "os": "linux", "cpu": "x64" }, "sha512-bYcLp+Vb0awsiXg/80uCRezCYHNg1/l3mt0gzHnWV9XP1W5sKa5/TCdGWaR/zBM2PeF/HbsQv/j2URNOiVuxWg=="],

    "lightningcss-win32-arm64-msvc": ["lightningcss-win32-arm64-msvc@1.32.0", "", { "os": "win32", "cpu": "arm64" }, "sha512-8SbC8BR40pS6baCM8sbtYDSwEVQd4JlFTOlaD3gWGHfThTcABnNDBda6eTZeqbofalIJhFx0qKzgHJmcPTnGdw=="],

    "lightningcss-win32-x64-msvc": ["lightningcss-win32-x64-msvc@1.32.0", "", { "os": "win32", "cpu": "x64" }, "sha512-Amq9B/SoZYdDi1kFrojnoqPLxYhQ4Wo5XiL8EVJrVsB8ARoC1PWW6VGtT0WKCemjy8aC+louJnjS7U18x3b06Q=="],

    "minimist": ["minimist@1.2.8", "", {}, "sha512-2yyAR8qBkN3YuheJanUpWC5U3bb5osDywNB8RzDVlDwDHbocAJveqqj1u8+SVD7jkWT4yvsHCpWqqWqAxb0zCA=="],

    "nan": ["nan@2.25.0", "", {}, "sha512-0M90Ag7Xn5KMLLZ7zliPWP3rT90P6PN+IzVFS0VqmnPktBk3700xUVv8Ikm9EUaUE5SDWdp/BIxdENzVznpm1g=="],

    "nanoid": ["nanoid@3.3.11", "", { "bin": { "nanoid": "bin/nanoid.cjs" } }, "sha512-N8SpfPUnUp1bK+PMYW8qSWdl9U+wwNWI4QKxOYDy9JAro3WMX7p2OeVRF9v+347pnakNevPmiHhNmZ2HbFA76w=="],

    "node-dev": ["node-dev@8.0.0", "", { "dependencies": { "dateformat": "^3.0.3", "dynamic-dedupe": "^0.3.0", "filewatcher": "~3.0.0", "get-package-type": "^0.1.0", "minimist": "^1.2.6", "node-notifier": "^8.0.1", "resolve": "^1.22.0", "semver": "^7.3.7" }, "bin": { "node-dev": "bin/node-dev" } }, "sha512-GXc0KxmBXfQxMPdymOui40yvC5W/RXFwmuUDT65wvTAO/o9wAsddYC8q4EHKxq3Qqt+uLS/g7XKdgVcsjyk9lw=="],

    "node-notifier": ["node-notifier@8.0.2", "", { "dependencies": { "growly": "^1.3.0", "is-wsl": "^2.2.0", "semver": "^7.3.2", "shellwords": "^0.1.1", "uuid": "^8.3.0", "which": "^2.0.2" } }, "sha512-oJP/9NAdd9+x2Q+rfphB2RJCHjod70RcRLjosiPMMu5gjIfwVnOUGq2nbTjTUbmy0DJ/tFIVT30+Qe3nzl4TJg=="],

    "path-parse": ["path-parse@1.0.7", "", {}, "sha512-LDJzPVEEEPR+y48z93A0Ed0yXb8pAByGWo/k5YYdYgpY2/2EsOsksJrq7lOHxryrVOn1ejG6oAp8ahvOIQD8sw=="],

    "picocolors": ["picocolors@1.1.1", "", {}, "sha512-xceH2snhtb5M9liqDsmEw56le376mTZkEX/jEb/RxNFyegNul7eNslCXP9FDj/Lcu0X8KEyMceP2ntpaHrDEVA=="],

    "picomatch": ["picomatch@4.0.3", "", {}, "sha512-5gTmgEY/sqK6gFXLIsQNH19lWb4ebPDLA4SdLP7dsWkIXHWlG66oPuVvXSGFPppYZz8ZDZq0dYYrbHfBCVUb1Q=="],

    "postcss": ["postcss@8.5.8", "", { "dependencies": { "nanoid": "^3.3.11", "picocolors": "^1.1.1", "source-map-js": "^1.2.1" } }, "sha512-OW/rX8O/jXnm82Ey1k44pObPtdblfiuWnrd8X7GJ7emImCOstunGbXUpp7HdBrFQX6rJzn3sPT397Wp5aCwCHg=="],

    "postgres": ["postgres@3.4.8", "", {}, "sha512-d+JFcLM17njZaOLkv6SCev7uoLaBtfK86vMUXhW1Z4glPWh4jozno9APvW/XKFJ3CCxVoC7OL38BqRydtu5nGg=="],

    "resolve": ["resolve@1.22.11", "", { "dependencies": { "is-core-module": "^2.16.1", "path-parse": "^1.0.7", "supports-preserve-symlinks-flag": "^1.0.0" }, "bin": { "resolve": "bin/resolve" } }, "sha512-RfqAvLnMl313r7c9oclB1HhUEAezcpLjz95wFH4LVuhk9JF/r22qmVP9AMmOU4vMX7Q8pN8jwNg/CSpdFnMjTQ=="],

    "rolldown": ["rolldown@1.0.0-rc.10", "", { "dependencies": { "@oxc-project/types": "=0.120.0", "@rolldown/pluginutils": "1.0.0-rc.10" }, "optionalDependencies": { "@rolldown/binding-android-arm64": "1.0.0-rc.10", "@rolldown/binding-darwin-arm64": "1.0.0-rc.10", "@rolldown/binding-darwin-x64": "1.0.0-rc.10", "@rolldown/binding-freebsd-x64": "1.0.0-rc.10", "@rolldown/binding-linux-arm-gnueabihf": "1.0.0-rc.10", "@rolldown/binding-linux-arm64-gnu": "1.0.0-rc.10", "@rolldown/binding-linux-arm64-musl": "1.0.0-rc.10", "@rolldown/binding-linux-ppc64-gnu": "1.0.0-rc.10", "@rolldown/binding-linux-s390x-gnu": "1.0.0-rc.10", "@rolldown/binding-linux-x64-gnu": "1.0.0-rc.10", "@rolldown/binding-linux-x64-musl": "1.0.0-rc.10", "@rolldown/binding-openharmony-arm64": "1.0.0-rc.10", "@rolldown/binding-wasm32-wasi": "1.0.0-rc.10", "@rolldown/binding-win32-arm64-msvc": "1.0.0-rc.10", "@rolldown/binding-win32-x64-msvc": "1.0.0-rc.10" }, "bin": { "rolldown": "bin/cli.mjs" } }, "sha512-q7j6vvarRFmKpgJUT8HCAUljkgzEp4LAhPlJUvQhA5LA1SUL36s5QCysMutErzL3EbNOZOkoziSx9iZC4FddKA=="],

    "semver": ["semver@7.7.4", "", { "bin": { "semver": "bin/semver.js" } }, "sha512-vFKC2IEtQnVhpT78h1Yp8wzwrf8CM+MzKMHGJZfBtzhZNycRFnXsHk6E5TxIkkMsgNS7mdX3AGB7x2QM2di4lA=="],

    "shellwords": ["shellwords@0.1.1", "", {}, "sha512-vFwSUfQvqybiICwZY5+DAWIPLKsWO31Q91JSKl3UYv+K5c2QRPzn0qzec6QPu1Qc9eHYItiP3NdJqNVqetYAww=="],

    "source-map-js": ["source-map-js@1.2.1", "", {}, "sha512-UXWMKhLOwVKb728IUtQPXxfYU+usdybtUrK/8uGE8CQMvrhOpwvzDBwj0QhSL7MQc7vIsISBG8VQ8+IDQxpfQA=="],

    "supports-preserve-symlinks-flag": ["supports-preserve-symlinks-flag@1.0.0", "", {}, "sha512-ot0WnXS9fgdkgIcePe6RHNk1WA8+muPa6cSjeR3V8K27q9BB1rTE3R1p7Hv0z1ZyAc8s6Vvv8DIyWf681MAt0w=="],

    "tinyglobby": ["tinyglobby@0.2.15", "", { "dependencies": { "fdir": "^6.5.0", "picomatch": "^4.0.3" } }, "sha512-j2Zq4NyQYG5XMST4cbs02Ak8iJUdxRM0XI5QyxXuZOzKOINmWurp3smXu3y5wDcJrptwpSjgXHzIQxR0omXljQ=="],

    "tslib": ["tslib@2.8.1", "", {}, "sha512-oJFu94HQb+KVduSUQL7wnpmqnfmLsOA/nAh6b6EH0wCEoK0/mPeXU6c3wKDV83MkOuHPRHtSXKKU99IBazS/2w=="],

    "undici-types": ["undici-types@7.16.0", "", {}, "sha512-Zz+aZWSj8LE6zoxD+xrjh4VfkIG8Ya6LvYkZqtUQGJPZjYl53ypCaUwWqo7eI0x66KBGeRo+mlBEkMSeSZ38Nw=="],

    "uuid": ["uuid@8.3.2", "", { "bin": { "uuid": "dist/bin/uuid" } }, "sha512-+NYs2QeMWy+GWFOEm9xnn6HCDp0l7QBD7ml8zLUmJ+93Q5NF0NocErnwkTkXVFNiX3/fpC6afS8Dhb/gz7R7eg=="],

    "vite": ["vite@8.0.1", "", { "dependencies": { "lightningcss": "^1.32.0", "picomatch": "^4.0.3", "postcss": "^8.5.8", "rolldown": "1.0.0-rc.10", "tinyglobby": "^0.2.15" }, "optionalDependencies": { "fsevents": "~2.3.3" }, "peerDependencies": { "@types/node": "^20.19.0 || >=22.12.0", "@vitejs/devtools": "^0.1.0", "esbuild": "^0.27.0", "jiti": ">=1.21.0", "less": "^4.0.0", "sass": "^1.70.0", "sass-embedded": "^1.70.0", "stylus": ">=0.54.8", "sugarss": "^5.0.0", "terser": "^5.16.0", "tsx": "^4.8.1", "yaml": "^2.4.2" }, "optionalPeers": ["@types/node", "@vitejs/devtools", "esbuild", "jiti", "less", "sass", "sass-embedded", "stylus", "sugarss", "terser", "tsx", "yaml"], "bin": { "vite": "bin/vite.js" } }, "sha512-wt+Z2qIhfFt85uiyRt5LPU4oVEJBXj8hZNWKeqFG4gRG/0RaRGJ7njQCwzFVjO+v4+Ipmf5CY7VdmZRAYYBPHw=="],

    "which": ["which@2.0.2", "", { "dependencies": { "isexe": "^2.0.0" }, "bin": { "node-which": "./bin/node-which" } }, "sha512-BLI3Tl1TW3Pvl70l3yq3Y64i+awpwXqsGBYWkkqMtnbXgrMD+yj7rhW0kuEDxzJaYXGjEW5ogapKNMEKNMjibA=="],

    "xtend": ["xtend@4.0.2", "", {}, "sha512-LKYU1iAXJXUgAXn9URjiu+MWhyUXHsvfp7mcuYm9dSUKK0/CjtrUwFAxD82/mCWbtLsGjFIad0wIsod4zrTAEQ=="],

    "@oslojs/jwt/@oslojs/encoding": ["@oslojs/encoding@0.4.1", "", {}, "sha512-hkjo6MuIK/kQR5CrGNdAPZhS01ZCXuWDRJ187zh6qqF2+yMHZpD9fAYpX8q2bOO6Ryhl3XpCT6kUX76N8hhm4Q=="],
  }
}
